
Microsoft Visual Studio Solution File, Format Version 12.00
# Visual Studio Version 16
VisualStudioVersion = 16.0.29020.237
MinimumVisualStudioVersion = 10.0.40219.1
Project("{9A19103F-16F7-4668-BE54-9A1E7A4F7556}") = "MVCPresentationLayer", "MVCPresentationLayer\MVCPresentationLayer.csproj", "{936684BD-C2C4-4782-8CA5-A9594B8AAAB9}"
EndProject
Project("{FAE04EC0-301F-11D3-BF4B-00C04F79EFBC}") = "DataTypeObject", "DataTypeObject\DataTypeObject.csproj", "{DCC8B891-5690-423A-852C-43982F050E4A}"
EndProject
Project("{FAE04EC0-301F-11D3-BF4B-00C04F79EFBC}") = "DataAccessLayer", "DataAccessLayer\DataAccessLayer.csproj", "{D7352B3A-4C5E-4E5F-83C0-1FFEE87B0FE3}"
EndProject
Project("{FAE04EC0-301F-11D3-BF4B-00C04F79EFBC}") = "BusinessLogicalLayer", "BusinessLogicalLayer\BusinessLogicalLayer.csproj", "{7176DC2E-BB40-4E0B-868D-3DE8C1B8ABF1}"
EndProject
Global
	GlobalSection(SolutionConfigurationPlatforms) = preSolution
		Debug|Any CPU = Debug|Any CPU
		Release|Any CPU = Release|Any CPU
	EndGlobalSection
	GlobalSection(ProjectConfigurationPlatforms) = postSolution
		{936684BD-C2C4-4782-8CA5-A9594B8AAAB9}.Debug|Any CPU.ActiveCfg = Debug|Any CPU
		{936684BD-C2C4-4782-8CA5-A9594B8AAAB9}.Debug|Any CPU.Build.0 = Debug|Any CPU
		{936684BD-C2C4-4782-8CA5-A9594B8AAAB9}.Release|Any CPU.ActiveCfg = Release|Any CPU
		{936684BD-C2C4-4782-8CA5-A9594B8AAAB9}.Release|Any CPU.Build.0 = Release|Any CPU
		{DCC8B891-5690-423A-852C-43982F050E4A}.Debug|Any CPU.ActiveCfg = Debug|Any CPU
		{DCC8B891-5690-423A-852C-43982F050E4A}.Debug|Any CPU.Build.0 = Debug|Any CPU
		{DCC8B891-5690-423A-852C-43982F050E4A}.Release|Any CPU.ActiveCfg = Release|Any CPU
		{DCC8B891-5690-423A-852C-43982F050E4A}.Release|Any CPU.Build.0 = Release|Any CPU
		{D7352B3A-4C5E-4E5F-83C0-1FFEE87B0FE3}.Debug|Any CPU.ActiveCfg = Debug|Any CPU
		{D7352B3A-4C5E-4E5F-83C0-1FFEE87B0FE3}.Debug|Any CPU.Build.0 = Debug|Any CPU
		{D7352B3A-4C5E-4E5F-83C0-1FFEE87B0FE3}.Release|Any CPU.ActiveCfg = Release|Any CPU
		{D7352B3A-4C5E-4E5F-83C0-1FFEE87B0FE3}.Release|Any CPU.Build.0 = Release|Any CPU
		{7176DC2E-BB40-4E0B-868D-3DE8C1B8ABF1}.Debug|Any CPU.ActiveCfg = Debug|Any CPU
		{7176DC2E-BB40-4E0B-868D-3DE8C1B8ABF1}.Debug|Any CPU.Build.0 = Debug|Any CPU
		{7176DC2E-BB40-4E0B-868D-3DE8C1B8ABF1}.Release|Any CPU.ActiveCfg = Release|Any CPU
		{7176DC2E-BB40-4E0B-868D-3DE8C1B8ABF1}.Release|Any CPU.Build.0 = Release|Any CPU
	EndGlobalSection
	GlobalSection(SolutionProperties) = preSolution
		HideSolutionNode = FALSE
	EndGlobalSection
	GlobalSection(ExtensibilityGlobals) = postSolution
		SolutionGuid = {F6C74681-0DD6-420D-B4FC-8DA5F8436F5B}
	EndGlobalSection
EndGlobal
